# THIS IS AN AUTOGENERATED FILE. DO NOT EDIT THIS FILE DIRECTLY.
# yarn lockfile v1


axios@^0.21.1:
  version "0.21.1"
  resolved "https://registry.yarnpkg.com/axios/-/axios-0.21.1.tgz#22563481962f4d6bde9a76d516ef0e5d3c09b2b8"
  integrity sha512-dKQiRHxGD9PPRIUNIWvZhPTPpl1rf/OxTYKsqKUDjBwYylTvV7SjSHJb9ratfyzM6wCdLCOYLzs73qpg5c4iGA==
  dependencies:
    follow-redirects "^1.10.0"

follow-redirects@^1.10.0:
  version "1.14.1"
  resolved "https://registry.yarnpkg.com/follow-redirects/-/follow-redirects-1.14.1.tgz#d9114ded0a1cfdd334e164e6662ad02bfd91ff43"
  integrity sha512-HWqDgT7ZEkqRzBvc2s64vSZ/hfOceEol3ac/7tKwzuvEyWx3/4UegXh5oBOIotkGsObyk3xznnSRVADBgWSQVg==

minimist@^1.1.0:
  version "1.2.5"
  resolved "https://registry.yarnpkg.com/minimist/-/minimist-1.2.5.tgz#67d66014b66a6a8aaa0c083c5fd58df4e4e97602"
  integrity sha512-FM9nNUYrRBAELZQT3xeZQ7fmMOBg6nWNmJKTcgsJeaLstP/UODVpGsr5OhXhhXg6f+qtJ8uiZ+PUxkDWcgIXLw==

turf-featurecollection@^1.0.1:
  version "1.0.1"
  resolved "https://registry.yarnpkg.com/turf-featurecollection/-/turf-featurecollection-1.0.1.tgz#eccd1cf9124176bfc6db197cbb45d6de55f724c5"
  integrity sha1-7M0c+RJBdr/G2xl8u0XW3lX3JMU=

turf-point@^2.0.1:
  version "2.0.1"
  resolved "https://registry.yarnpkg.com/turf-point/-/turf-point-2.0.1.tgz#a2dcc30a2d20f44cf5c6271df7bae2c0e2146069"
  integrity sha1-otzDCi0g9Ez1xicd97riwOIUYGk=
  dependencies:
    minimist "^1.1.0"
